
Microsoft Visual Studio Solution File, Format Version 12.00
# Visual Studio Version 16
VisualStudioVersion = 16.0.37027.11
MinimumVisualStudioVersion = 10.0.40219.1
Project("{FAE04EC0-301F-11D3-BF4B-00C04F79EFBC}") = "TestD_1", "TestD_1\TestD_1.csproj", "{63278666-771B-4E2E-9641-621904935999}"
EndProject
Global
	GlobalSection(SolutionConfigurationPlatforms) = preSolution
		Debug|Any CPU = Debug|Any CPU
		Release|Any CPU = Release|Any CPU
	EndGlobalSection
	GlobalSection(ProjectConfigurationPlatforms) = postSolution
		{63278666-771B-4E2E-9641-621904935999}.Debug|Any CPU.ActiveCfg = Debug|Any CPU
		{63278666-771B-4E2E-9641-621904935999}.Debug|Any CPU.Build.0 = Debug|Any CPU
		{63278666-771B-4E2E-9641-621904935999}.Release|Any CPU.ActiveCfg = Release|Any CPU
		{63278666-771B-4E2E-9641-621904935999}.Release|Any CPU.Build.0 = Release|Any CPU
	EndGlobalSection
	GlobalSection(SolutionProperties) = preSolution
		HideSolutionNode = FALSE
	EndGlobalSection
	GlobalSection(ExtensibilityGlobals) = postSolution
		SolutionGuid = {706A7FBB-6E1A-41BC-A794-64B0F1043B97}
	EndGlobalSection
EndGlobal
